# This file is automatically @generated by Cargo.
# It is not intended for manual editing.
version = 3

[[package]]
name = "adler2"
version = "2.0.1"
source = "registry+https://github.com/rust-lang/crates.io-index"
checksum = "320119579fcad9c21884f5c4861d16174d0e06250625266f50fe6898340abefa"

[[package]]
name = "ahash"
version = "0.8.12"
source = "registry+https://github.com/rust-lang/crates.io-index"
checksum = "5a15f179cd60c4584b8a8c596927aadc462e27f2ca70c04e0071964a73ba7a75"
dependencies = [
 "cfg-if",
 "once_cell",
 "version_check",
 "zerocopy",
]

[[package]]
name = "allocator-api2"
version = "0.2.21"
source = "registry+https://github.com/rust-lang/crates.io-index"
checksum = "683d7910e743518b0e34f1186f92494becacb047c7b6bf616c96772180fef923"

[[package]]
name = "anyhow"
version = "1.0.104"
source = "registry+https://github.com/rust-lang/crates.io-index"
checksum = "330a5ed07fa54e4702c9d6c4174f74427fc0ef6e214bbd677ae50a5099946470"

[[package]]
name = "arc-swap"
version = "1.9.2"
source = "registry+https://github.com/rust-lang/crates.io-index"
checksum = "c049c0be4daef0b145cb3555416b3b8ef5b7888a38aea1a3a155801fe7b0810b"
dependencies = [
 "rustversion",
]

[[package]]
name = "bitflags"
version = "1.3.2"
source = "registry+https://github.com/rust-lang/crates.io-index"
checksum = "bef38d45163c2f1dde094a7dfd33ccf595c92905c8f8f4fdc18d06fb1037718a"

[[package]]
name = "bitflags"
version = "2.13.1"
source = "registry+https://github.com/rust-lang/crates.io-index"
checksum = "b588b76d00fde79687d7646a9b5bdf3cc0f655e0bbd080335a95d7e96f3587da"

[[package]]
name = "bstr"
version = "1.13.1"
source = "registry+https://github.com/rust-lang/crates.io-index"
checksum = "6bb31b46c14244e20ee9984b11bf5c992b91fb6939fea616e3512c8baecdbe5f"
dependencies = [
 "memchr",
 "regex-automata",
 "serde_core",
]

[[package]]
name = "cfg-if"
version = "1.0.4"
source = "registry+https://github.com/rust-lang/crates.io-index"
checksum = "9330f8b2ff13f34540b44e946ef35111825727b38d33286ef986142615121801"

[[package]]
name = "clru"
version = "0.6.3"
source = "registry+https://github.com/rust-lang/crates.io-index"
checksum = "197fd99cb113a8d5d9b6376f3aa817f32c1078f2343b714fff7d2ca44fdf67d5"
dependencies = [
 "hashbrown 0.16.1",
]

[[package]]
name = "crc32fast"
version = "1.5.1"
source = "registry+https://github.com/rust-lang/crates.io-index"
checksum = "8498c871161e1742aaa9d52551b2d6ebdd4c3d45a3be423e3728f33b955be550"
dependencies = [
 "cfg-if",
]

[[package]]
name = "crossbeam-utils"
version = "0.8.22"
source = "registry+https://github.com/rust-lang/crates.io-index"
checksum = "61803da095bee82a81bb1a452ecc25d3b2f1416d1897eb86430c6159ef717c17"

[[package]]
name = "dashmap"
version = "6.2.1"
source = "registry+https://github.com/rust-lang/crates.io-index"
checksum = "e6361d5c062261c78a176addb82d4c821ae42bed6089de0e12603cd25de2059c"
dependencies = [
 "cfg-if",
 "crossbeam-utils",
 "hashbrown 0.14.5",
 "lock_api",
 "once_cell",
 "parking_lot_core",
]

[[package]]
name = "defmt"
version = "1.1.1"
source = "registry+https://github.com/rust-lang/crates.io-index"
checksum = "e2953bfe4f93bbd20cc71198842756f77d161884c99ebbabc41d80231ded88d1"
dependencies = [
 "bitflags 1.3.2",
 "defmt-macros",
]

[[package]]
name = "defmt-macros"
version = "1.1.1"
source = "registry+https://github.com/rust-lang/crates.io-index"
checksum = "bad9c72e7ca2137e0dc3813245a0d282fd6daad32fd800af018306a9169b5fe8"
dependencies = [
 "defmt-parser",
 "proc-macro2",
 "quote",
 "syn 2.0.119",
]

[[package]]
name = "defmt-parser"
version = "1.0.0"
source = "registry+https://github.com/rust-lang/crates.io-index"
checksum = "10d60334b3b2e7c9d91ef8150abfb6fa4c1c39ebbcf4a81c2e346aad939fee3e"
dependencies = [
 "thiserror 2.0.20",
]

[[package]]
name = "displaydoc"
version = "0.2.7"
source = "registry+https://github.com/rust-lang/crates.io-index"
checksum = "c6232dd377dcc64799954cbd3a9bb882e9cdc1308ccd87b1c098f1fb2eaf82a8"
dependencies = [
 "proc-macro2",
 "quote",
 "syn 3.0.4",
]

[[package]]
name = "dunce"
version = "1.0.5"
source = "registry+https://github.com/rust-lang/crates.io-index"
checksum = "92773504d58c093f6de2459af4af33faa518c13451eb8f2b5698ed3d36e7c813"

[[package]]
name = "encoding_rs"
version = "0.8.35"
source = "registry+https://github.com/rust-lang/crates.io-index"
checksum = "75030f3c4f45dafd7586dd6780965a8c7e8e285a5ecb86713e63a79c5b2766f3"
dependencies = [
 "cfg-if",
]

[[package]]
name = "equivalent"
version = "1.0.2"
source = "registry+https://github.com/rust-lang/crates.io-index"
checksum = "877a4ace8713b0bcf2a4e7eec82529c029f1d0619886d18145fea96c3ffe5c0f"

[[package]]
name = "errno"
version = "0.3.14"
source = "registry+https://github.com/rust-lang/crates.io-index"
checksum = "39cab71617ae0d63f51a36d69f866391735b51691dbda63cf6f96d042b63efeb"
dependencies = [
 "libc",
 "windows-sys 0.61.2",
]

[[package]]
name = "faster-hex"
version = "0.9.0"
source = "registry+https://github.com/rust-lang/crates.io-index"
checksum = "a2a2b11eda1d40935b26cf18f6833c526845ae8c41e58d09af6adeb6f0269183"

[[package]]
name = "fastrand"
version = "2.5.0"
source = "registry+https://github.com/rust-lang/crates.io-index"
checksum = "da7c62ceae207dd37ea5b845da6a0696c799f85e97da1ab5b7910be3c1c80223"

[[package]]
name = "filetime"
version = "0.2.29"
source = "registry+https://github.com/rust-lang/crates.io-index"
checksum = "5c287a33c7f0a620c38e641e7f60827713987b3c0f26e8ddc9462cc69cf75759"
dependencies = [
 "cfg-if",
 "libc",
]

[[package]]
name = "flate2"
version = "1.1.10"
source = "registry+https://github.com/rust-lang/crates.io-index"
checksum = "6e634e2e0ebac1ee034020da1ca582e17ffe4e0f5e985823721e168928136dcb"
dependencies = [
 "crc32fast",
 "miniz_oxide",
]

[[package]]
name = "fnv"
version = "1.0.7"
source = "registry+https://github.com/rust-lang/crates.io-index"
checksum = "3f9eec918d3f24069decb9af1554cad7c880e2da24a9afd88aca000531ab82c1"

[[package]]
name = "foldhash"
version = "0.1.5"
source = "registry+https://github.com/rust-lang/crates.io-index"
checksum = "d9c4f5dac5e15c24eb999c26181a6ca40b39fe946cbe4c263c7209467bc83af2"

[[package]]
name = "foldhash"
version = "0.2.0"
source = "registry+https://github.com/rust-lang/crates.io-index"
checksum = "77ce24cb58228fbb8aa041425bb1050850ac19177686ea6e0f41a70416f56fdb"

[[package]]
name = "form_urlencoded"
version = "1.2.2"
source = "registry+https://github.com/rust-lang/crates.io-index"
checksum = "cb4cb245038516f5f85277875cdaa4f7d2c9a0fa0468de06ed190163b1581fcf"
dependencies = [
 "percent-encoding",
]

[[package]]
name = "getrandom"
version = "0.4.3"
source = "registry+https://github.com/rust-lang/crates.io-index"
checksum = "300e883d756b2e4ec94e02791f39b04b522276138852cfc41d9fb7e904106099"
dependencies = [
 "cfg-if",
 "libc",
 "r-efi",
]

[[package]]
name = "gix"
version = "0.66.0"
source = "registry+https://github.com/rust-lang/crates.io-index"
checksum = "9048b8d1ae2104f045cb37e5c450fc49d5d8af22609386bfc739c11ba88995eb"
dependencies = [
 "gix-actor",
 "gix-attributes",
 "gix-command",
 "gix-commitgraph",
 "gix-config",
 "gix-date",
 "gix-diff",
 "gix-dir",
 "gix-discover",
 "gix-features",
 "gix-filter",
 "gix-fs",
 "gix-glob",
 "gix-hash",
 "gix-hashtable",
 "gix-ignore",
 "gix-index",
 "gix-lock",
 "gix-object",
 "gix-odb",
 "gix-pack",
 "gix-path",
 "gix-pathspec",
 "gix-ref",
 "gix-refspec",
 "gix-revision",
 "gix-revwalk",
 "gix-sec",
 "gix-status",
 "gix-submodule",
 "gix-tempfile",
 "gix-trace",
 "gix-traverse",
 "gix-url",
 "gix-utils",
 "gix-validate 0.9.4",
 "gix-worktree",
 "once_cell",
 "smallvec",
 "thiserror 1.0.69",
]

[[package]]
name = "gix-actor"
version = "0.32.0"
source = "registry+https://github.com/rust-lang/crates.io-index"
checksum = "fc19e312cd45c4a66cd003f909163dc2f8e1623e30a0c0c6df3776e89b308665"
dependencies = [
 "bstr",
 "gix-date",
 "gix-utils",
 "itoa",
 "thiserror 1.0.69",
 "winnow",
]

[[package]]
name = "gix-attributes"
version = "0.22.5"
source = "registry+https://github.com/rust-lang/crates.io-index"
checksum = "ebccbf25aa4a973dd352564a9000af69edca90623e8a16dad9cbc03713131311"
dependencies = [
 "bstr",
 "gix-glob",
 "gix-path",
 "gix-quote",
 "gix-trace",
 "kstring",
 "smallvec",
 "thiserror 1.0.69",
 "unicode-bom",
]

[[package]]
name = "gix-bitmap"
version = "0.2.16"
source = "registry+https://github.com/rust-lang/crates.io-index"
checksum = "d982fc7ef0608e669851d0d2a6141dae74c60d5a27e8daa451f2a4857bbf41e2"
dependencies = [
 "thiserror 2.0.20",
]

[[package]]
name = "gix-chunk"
version = "0.4.12"
source = "registry+https://github.com/rust-lang/crates.io-index"
checksum = "5c356b3825677cb6ff579551bb8311a81821e184453cbd105e2fc5311b288eeb"
dependencies = [
 "thiserror 2.0.20",
]

[[package]]
name = "gix-command"
version = "0.3.11"
source = "registry+https://github.com/rust-lang/crates.io-index"
checksum = "6d7d6b8f3a64453fd7e8191eb80b351eb7ac0839b40a1237cd2c137d5079fe53"
dependencies = [
 "bstr",
 "gix-path",
 "gix-trace",
 "shell-words",
]

[[package]]
name = "gix-commitgraph"
version = "0.24.3"
source = "registry+https://github.com/rust-lang/crates.io-index"
checksum = "133b06f67f565836ec0c473e2116a60fb74f80b6435e21d88013ac0e3c60fc78"
dependencies = [
 "bstr",
 "gix-chunk",
 "gix-features",
 "gix-hash",
 "memmap2",
 "thiserror 1.0.69",
]

[[package]]
name = "gix-config"
version = "0.40.0"
source = "registry+https://github.com/rust-lang/crates.io-index"
checksum = "78e797487e6ca3552491de1131b4f72202f282fb33f198b1c34406d765b42bb0"
dependencies = [
 "bstr",
 "gix-config-value",
 "gix-features",
 "gix-glob",
 "gix-path",
 "gix-ref",
 "gix-sec",
 "memchr",
 "once_cell",
 "smallvec",
 "thiserror 1.0.69",
 "unicode-bom",
 "winnow",
]

[[package]]
name = "gix-config-value"
version = "0.14.12"
source = "registry+https://github.com/rust-lang/crates.io-index"
checksum = "8dc2c844c4cf141884678cabef736fd91dd73068b9146e6f004ba1a0457944b6"
dependencies = [
 "bitflags 2.13.1",
 "bstr",
 "gix-path",
 "libc",
 "thiserror 2.0.20",
]

[[package]]
name = "gix-date"
version = "0.9.4"
source = "registry+https://github.com/rust-lang/crates.io-index"
checksum = "daa30058ec7d3511fbc229e4f9e696a35abd07ec5b82e635eff864a2726217e4"
dependencies = [
 "bstr",
 "itoa",
 "jiff",
 "thiserror 2.0.20",
]

[[package]]
name = "gix-diff"
version = "0.46.0"
source = "registry+https://github.com/rust-lang/crates.io-index"
checksum = "92c9afd80fff00f8b38b1c1928442feb4cd6d2232a6ed806b6b193151a3d336c"
dependencies = [
 "bstr",
 "gix-command",
 "gix-filter",
 "gix-fs",
 "gix-hash",
 "gix-object",
 "gix-path",
 "gix-tempfile",
 "gix-trace",
 "gix-worktree",
 "imara-diff",
 "thiserror 1.0.69",
]

[[package]]
name = "gix-dir"
version = "0.8.0"
source = "registry+https://github.com/rust-lang/crates.io-index"
checksum = "0ed3a9076661359a1c5a27c12ad6c3ebe2dd96b8b3c0af6488ab7c128b7bdd98"
dependencies = [
 "bstr",
 "gix-discover",
 "gix-fs",
 "gix-ignore",
 "gix-index",
 "gix-object",
 "gix-path",
 "gix-pathspec",
 "gix-trace",
 "gix-utils",
 "gix-worktree",
 "thiserror 1.0.69",
]

[[package]]
name = "gix-discover"
version = "0.35.0"
source = "registry+https://github.com/rust-lang/crates.io-index"
checksum = "0577366b9567376bc26e815fd74451ebd0e6218814e242f8e5b7072c58d956d2"
dependencies = [
 "bstr",
 "dunce",
 "gix-fs",
 "gix-hash",
 "gix-path",
 "gix-ref",
 "gix-sec",
 "thiserror 1.0.69",
]

[[package]]
name = "gix-features"
version = "0.38.2"
source = "registry+https://github.com/rust-lang/crates.io-index"
checksum = "ac7045ac9fe5f9c727f38799d002a7ed3583cd777e3322a7c4b43e3cf437dc69"
dependencies = [
 "crc32fast",
 "flate2",
 "gix-hash",
 "gix-trace",
 "gix-utils",
 "libc",
 "once_cell",
 "prodash",
 "sha1_smol",
 "thiserror 1.0.69",
 "walkdir",
]

[[package]]
name = "gix-filter"
version = "0.13.0"
source = "registry+https://github.com/rust-lang/crates.io-index"
checksum = "4121790ae140066e5b953becc72e7496278138d19239be2e63b5067b0843119e"
dependencies = [
 "bstr",
 "encoding_rs",
 "gix-attributes",
 "gix-command",
 "gix-hash",
 "gix-object",
 "gix-packetline-blocking",
 "gix-path",
 "gix-quote",
 "gix-trace",
 "gix-utils",
 "smallvec",
 "thiserror 1.0.69",
]

[[package]]
name = "gix-fs"
version = "0.11.3"
source = "registry+https://github.com/rust-lang/crates.io-index"
checksum = "f2bfe6249cfea6d0c0e0990d5226a4cb36f030444ba9e35e0639275db8f98575"
dependencies = [
 "fastrand",
 "gix-features",
 "gix-utils",
]

[[package]]
name = "gix-glob"
version = "0.16.5"
source = "registry+https://github.com/rust-lang/crates.io-index"
checksum = "74908b4bbc0a0a40852737e5d7889f676f081e340d5451a16e5b4c50d592f111"
dependencies = [
 "bitflags 2.13.1",
 "bstr",
 "gix-features",
 "gix-path",
]

[[package]]
name = "gix-hash"
version = "0.14.2"
source = "registry+https://github.com/rust-lang/crates.io-index"
checksum = "f93d7df7366121b5018f947a04d37f034717e113dcf9ccd85c34b58e57a74d5e"
dependencies = [
 "faster-hex",
 "thiserror 1.0.69",
]

[[package]]
name = "gix-hashtable"
version = "0.5.2"
source = "registry+https://github.com/rust-lang/crates.io-index"
checksum = "7ddf80e16f3c19ac06ce415a38b8591993d3f73aede049cb561becb5b3a8e242"
dependencies = [
 "gix-hash",
 "hashbrown 0.14.5",
 "parking_lot",
]

[[package]]
name = "gix-ignore"
version = "0.11.4"
source = "registry+https://github.com/rust-lang/crates.io-index"
checksum = "e447cd96598460f5906a0f6c75e950a39f98c2705fc755ad2f2020c9e937fab7"
dependencies = [
 "bstr",
 "gix-glob",
 "gix-path",
 "gix-trace",
 "unicode-bom",
]

[[package]]
name = "gix-index"
version = "0.35.0"
source = "registry+https://github.com/rust-lang/crates.io-index"
checksum = "0cd4203244444017682176e65fd0180be9298e58ed90bd4a8489a357795ed22d"
dependencies = [
 "bitflags 2.13.1",
 "bstr",
 "filetime",
 "fnv",
 "gix-bitmap",
 "gix-features",
 "gix-fs",
 "gix-hash",
 "gix-lock",
 "gix-object",
 "gix-traverse",
 "gix-utils",
 "gix-validate 0.9.4",
 "hashbrown 0.14.5",
 "itoa",
 "libc",
 "memmap2",
 "rustix 0.38.44",
 "smallvec",
 "thiserror 1.0.69",
]

[[package]]
name = "gix-lock"
version = "14.0.0"
source = "registry+https://github.com/rust-lang/crates.io-index"
checksum = "e3bc7fe297f1f4614774989c00ec8b1add59571dc9b024b4c00acb7dedd4e19d"
dependencies = [
 "gix-tempfile",
 "gix-utils",
 "thiserror 1.0.69",
]

[[package]]
name = "gix-object"
version = "0.44.0"
source = "registry+https://github.com/rust-lang/crates.io-index"
checksum = "2f5b801834f1de7640731820c2df6ba88d95480dc4ab166a5882f8ff12b88efa"
dependencies = [
 "bstr",
 "gix-actor",
 "gix-date",
 "gix-features",
 "gix-hash",
 "gix-utils",
 "gix-validate 0.9.4",
 "itoa",
 "smallvec",
 "thiserror 1.0.69",
 "winnow",
]

[[package]]
name = "gix-odb"
version = "0.63.0"
source = "registry+https://github.com/rust-lang/crates.io-index"
checksum = "a3158068701c17df54f0ab2adda527f5a6aca38fd5fd80ceb7e3c0a2717ec747"
dependencies = [
 "arc-swap",
 "gix-date",
 "gix-features",
 "gix-fs",
 "gix-hash",
 "gix-object",
 "gix-pack",
 "gix-path",
 "gix-quote",
 "parking_lot",
 "tempfile",
 "thiserror 1.0.69",
]

[[package]]
name = "gix-pack"
version = "0.53.0"
source = "registry+https://github.com/rust-lang/crates.io-index"
checksum = "3223aa342eee21e1e0e403cad8ae9caf9edca55ef84c347738d10681676fd954"
dependencies = [
 "clru",
 "gix-chunk",
 "gix-features",
 "gix-hash",
 "gix-hashtable",
 "gix-object",
 "gix-path",
 "memmap2",
 "smallvec",
 "thiserror 1.0.69",
]

[[package]]
name = "gix-packetline-blocking"
version = "0.17.5"
source = "registry+https://github.com/rust-lang/crates.io-index"
checksum = "b9802304baa798dd6f5ff8008a2b6516d54b74a69ca2d3a2b9e2d6c3b5556b40"
dependencies = [
 "bstr",
 "faster-hex",
 "gix-trace",
 "thiserror 1.0.69",
]

[[package]]
name = "gix-path"
version = "0.10.22"
source = "registry+https://github.com/rust-lang/crates.io-index"
checksum = "7cb06c3e4f8eed6e24fd915fa93145e28a511f4ea0e768bae16673e05ed3f366"
dependencies = [
 "bstr",
 "gix-trace",
 "gix-validate 0.10.1",
 "thiserror 2.0.20",
]

[[package]]
name = "gix-pathspec"
version = "0.7.7"
source = "registry+https://github.com/rust-lang/crates.io-index"
checksum = "5d23bf239532b4414d0e63b8ab3a65481881f7237ed9647bb10c1e3cc54c5ceb"
dependencies = [
 "bitflags 2.13.1",
 "bstr",
 "gix-attributes",
 "gix-config-value",
 "gix-glob",
 "gix-path",
 "thiserror 1.0.69",
]

[[package]]
name = "gix-quote"
version = "0.4.15"
source = "registry+https://github.com/rust-lang/crates.io-index"
checksum = "e49357fccdb0c85c0d3a3292a9f6db32d9b3535959b5471bb9624908f4a066c6"
dependencies = [
 "bstr",
 "gix-utils",
 "thiserror 2.0.20",
]

[[package]]
name = "gix-ref"
version = "0.47.0"
source = "registry+https://github.com/rust-lang/crates.io-index"
checksum = "ae0d8406ebf9aaa91f55a57f053c5a1ad1a39f60fdf0303142b7be7ea44311e5"
dependencies = [
 "gix-actor",
 "gix-features",
 "gix-fs",
 "gix-hash",
 "gix-lock",
 "gix-object",
 "gix-path",
 "gix-tempfile",
 "gix-utils",
 "gix-validate 0.9.4",
 "memmap2",
 "thiserror 1.0.69",
 "winnow",
]

[[package]]
name = "gix-refspec"
version = "0.25.0"
source = "registry+https://github.com/rust-lang/crates.io-index"
checksum = "ebb005f82341ba67615ffdd9f7742c87787544441c88090878393d0682869ca6"
dependencies = [
 "bstr",
 "gix-hash",
 "gix-revision",
 "gix-validate 0.9.4",
 "smallvec",
 "thiserror 1.0.69",
]

[[package]]
name = "gix-revision"
version = "0.29.0"
source = "registry+https://github.com/rust-lang/crates.io-index"
checksum = "ba4621b219ac0cdb9256883030c3d56a6c64a6deaa829a92da73b9a576825e1e"
dependencies = [
 "bstr",
 "gix-date",
 "gix-hash",
 "gix-hashtable",
 "gix-object",
 "gix-revwalk",
 "gix-trace",
 "thiserror 1.0.69",
]

[[package]]
name = "gix-revwalk"
version = "0.15.0"
source = "registry+https://github.com/rust-lang/crates.io-index"
checksum = "b41e72544b93084ee682ef3d5b31b1ba4d8fa27a017482900e5e044d5b1b3984"
dependencies = [
 "gix-commitgraph",
 "gix-date",
 "gix-hash",
 "gix-hashtable",
 "gix-object",
 "smallvec",
 "thiserror 1.0.69",
]

[[package]]
name = "gix-sec"
version = "0.10.12"
source = "registry+https://github.com/rust-lang/crates.io-index"
checksum = "47aeb0f13de9ef2f3033f5ff218de30f44db827ac9f1286f9ef050aacddd5888"
dependencies = [
 "bitflags 2.13.1",
 "gix-path",
 "libc",
 "windows-sys 0.52.0",
]

[[package]]
name = "gix-status"
version = "0.13.0"
source = "registry+https://github.com/rust-lang/crates.io-index"
checksum = "f70d35ba639f0c16a6e4cca81aa374a05f07b23fa36ee8beb72c100d98b4ffea"
dependencies = [
 "bstr",
 "filetime",
 "gix-diff",
 "gix-dir",
 "gix-features",
 "gix-filter",
 "gix-fs",
 "gix-hash",
 "gix-index",
 "gix-object",
 "gix-path",
 "gix-pathspec",
 "gix-worktree",
 "portable-atomic",
 "thiserror 1.0.69",
]

[[package]]
name = "gix-submodule"
version = "0.14.0"
source = "registry+https://github.com/rust-lang/crates.io-index"
checksum = "529d0af78cc2f372b3218f15eb1e3d1635a21c8937c12e2dd0b6fc80c2ca874b"
dependencies = [
 "bstr",
 "gix-config",
 "gix-path",
 "gix-pathspec",
 "gix-refspec",
 "gix-url",
 "thiserror 1.0.69",
]

[[package]]
name = "gix-tempfile"
version = "14.0.2"
source = "registry+https://github.com/rust-lang/crates.io-index"
checksum = "046b4927969fa816a150a0cda2e62c80016fe11fb3c3184e4dddf4e542f108aa"
dependencies = [
 "dashmap",
 "gix-fs",
 "libc",
 "once_cell",
 "parking_lot",
 "tempfile",
]

[[package]]
name = "gix-trace"
version = "0.1.21"
source = "registry+https://github.com/rust-lang/crates.io-index"
checksum = "be3eb81d9dc914335923e50d52829c551feefd6a72d176c4130c546b67a60814"

[[package]]
name = "gix-traverse"
version = "0.41.0"
source = "registry+https://github.com/rust-lang/crates.io-index"
checksum = "030da39af94e4df35472e9318228f36530989327906f38e27807df305fccb780"
dependencies = [
 "bitflags 2.13.1",
 "gix-commitgraph",
 "gix-date",
 "gix-hash",
 "gix-hashtable",
 "gix-object",
 "gix-revwalk",
 "smallvec",
 "thiserror 1.0.69",
]

[[package]]
name = "gix-url"
version = "0.27.5"
source = "registry+https://github.com/rust-lang/crates.io-index"
checksum = "fd280c5e84fb22e128ed2a053a0daeacb6379469be6a85e3d518a0636e160c89"
dependencies = [
 "bstr",
 "gix-features",
 "gix-path",
 "home",
 "thiserror 1.0.69",
 "url",
]

[[package]]
name = "gix-utils"
version = "0.1.14"
source = "registry+https://github.com/rust-lang/crates.io-index"
checksum = "ff08f24e03ac8916c478c8419d7d3c33393da9bb41fa4c24455d5406aeefd35f"
dependencies = [
 "bstr",
 "fastrand",
 "unicode-normalization",
]

[[package]]
name = "gix-validate"
version = "0.9.4"
source = "registry+https://github.com/rust-lang/crates.io-index"
checksum = "34b5f1253109da6c79ed7cf6e1e38437080bb6d704c76af14c93e2f255234084"
dependencies = [
 "bstr",
 "thiserror 2.0.20",
]

[[package]]
name = "gix-validate"
version = "0.10.1"
source = "registry+https://github.com/rust-lang/crates.io-index"
checksum = "5b1e63a5b516e970a594f870ed4571a8fdcb8a344e7bd407a20db8bd61dbfde4"
dependencies = [
 "bstr",
 "thiserror 2.0.20",
]

[[package]]
name = "gix-worktree"
version = "0.36.0"
source = "registry+https://github.com/rust-lang/crates.io-index"
checksum = "c312ad76a3f2ba8e865b360d5cb3aa04660971d16dec6dd0ce717938d903149a"
dependencies = [
 "bstr",
 "gix-attributes",
 "gix-features",
 "gix-fs",
 "gix-glob",
 "gix-hash",
 "gix-ignore",
 "gix-index",
 "gix-object",
 "gix-path",
 "gix-validate 0.9.4",
]

[[package]]
name = "hashbrown"
version = "0.14.5"
source = "registry+https://github.com/rust-lang/crates.io-index"
checksum = "e5274423e17b7c9fc20b6e7e208532f9b19825d82dfd615708b70edd83df41f1"
dependencies = [
 "ahash",
 "allocator-api2",
]

[[package]]
name = "hashbrown"
version = "0.15.5"
source = "registry+https://github.com/rust-lang/crates.io-index"
checksum = "9229cfe53dfd69f0609a49f65461bd93001ea1ef889cd5529dd176593f5338a1"
dependencies = [
 "foldhash 0.1.5",
]

[[package]]
name = "hashbrown"
version = "0.16.1"
source = "registry+https://github.com/rust-lang/crates.io-index"
checksum = "841d1cc9bed7f9236f321df977030373f4a4163ae1a7dbfe1a51a2c1a51d9100"
dependencies = [
 "allocator-api2",
 "equivalent",
 "foldhash 0.2.0",
]

[[package]]
name = "home"
version = "0.5.12"
source = "registry+https://github.com/rust-lang/crates.io-index"
checksum = "cc627f471c528ff0c4a49e1d5e60450c8f6461dd6d10ba9dcd3a61d3dff7728d"
dependencies = [
 "windows-sys 0.61.2",
]

[[package]]
name = "icu_collections"
version = "2.3.0"
source = "registry+https://github.com/rust-lang/crates.io-index"
checksum = "fa68d21081c4a05d5a901a1c62add574c77048b6a1c67be3b50ce0b60d4ca513"
dependencies = [
 "displaydoc",
 "potential_utf",
 "utf8_iter",
 "yoke",
 "zerofrom",
 "zerovec",
]

[[package]]
name = "icu_locale_core"
version = "2.3.0"
source = "registry+https://github.com/rust-lang/crates.io-index"
checksum = "d56e28588da92eee5c3201a6eff33fabdd49b62269c8938d4ff050ce4d900deb"
dependencies = [
 "displaydoc",
 "litemap",
 "tinystr",
 "writeable",
 "zerovec",
]

[[package]]
name = "icu_normalizer"
version = "2.3.0"
source = "registry+https://github.com/rust-lang/crates.io-index"
checksum = "12f9cf5f235641ed274641dd81c3f28d870e276763d0797aeeab72317b1c646f"
dependencies = [
 "icu_collections",
 "icu_normalizer_data",
 "icu_properties",
 "icu_provider",
 "smallvec",
 "zerovec",
]

[[package]]
name = "icu_normalizer_data"
version = "2.3.0"
source = "registry+https://github.com/rust-lang/crates.io-index"
checksum = "1563da1ed3e0b3bf3d74c9b85917ac9c56464d2f57242270c09c9e752f8021a0"

[[package]]
name = "icu_properties"
version = "2.3.0"
source = "registry+https://github.com/rust-lang/crates.io-index"
checksum = "7e7ca276ad3145661a65914e6daf131ca5120cd3dcee8f8f3214b8875184a148"
dependencies = [
 "displaydoc",
 "icu_collections",
 "icu_locale_core",
 "icu_properties_data",
 "icu_provider",
 "zerotrie",
 "zerovec",
]

[[package]]
name = "icu_properties_data"
version = "2.3.0"
source = "registry+https://github.com/rust-lang/crates.io-index"
checksum = "e590f038c1464a96894fd6d10127e90a8be4509f56ff7ecef851b15cee0b7caa"

[[package]]
name = "icu_provider"
version = "2.3.1"
source = "registry+https://github.com/rust-lang/crates.io-index"
checksum = "d27bbb9d3abbefac45d55f647c9de1d44aafcd1186eb91879afef17c396c3e73"
dependencies = [
 "displaydoc",
 "icu_locale_core",
 "writeable",
 "yoke",
 "zerofrom",
 "zerotrie",
 "zerovec",
]

[[package]]
name = "idna"
version = "1.1.0"
source = "registry+https://github.com/rust-lang/crates.io-index"
checksum = "3b0875f23caa03898994f6ddc501886a45c7d3d62d04d2d90788d47be1b1e4de"
dependencies = [
 "idna_adapter",
 "smallvec",
 "utf8_iter",
]

[[package]]
name = "idna_adapter"
version = "1.2.2"
source = "registry+https://github.com/rust-lang/crates.io-index"
checksum = "cb68373c0d6620ef8105e855e7745e18b0d00d3bdb07fb532e434244cdb9a714"
dependencies = [
 "icu_normalizer",
 "icu_properties",
]

[[package]]
name = "imara-diff"
version = "0.1.8"
source = "registry+https://github.com/rust-lang/crates.io-index"
checksum = "17d34b7d42178945f775e84bc4c36dde7c1c6cdfea656d3354d009056f2bb3d2"
dependencies = [
 "hashbrown 0.15.5",
]

[[package]]
name = "itoa"
version = "1.0.18"
source = "registry+https://github.com/rust-lang/crates.io-index"
checksum = "8f42a60cbdf9a97f5d2305f08a87dc4e09308d1276d28c869c684d7777685682"

[[package]]
name = "jiff"
version = "0.2.35"
source = "registry+https://github.com/rust-lang/crates.io-index"
checksum = "668b7183bd07af9a4885f5c35b0cc5c83c4607a913c16b7e17291832910d2dcc"
dependencies = [
 "defmt",
 "jiff-core",
 "jiff-static",
 "jiff-tzdb-platform",
 "log",
 "portable-atomic",
 "portable-atomic-util",
 "serde_core",
 "windows-link",
]

[[package]]
name = "jiff-core"
version = "0.1.0"
source = "registry+https://github.com/rust-lang/crates.io-index"
checksum = "7feca88439efe53da3754500c1851dedf3cb36c524dd5cf8225cc0794de95d09"
dependencies = [
 "defmt",
]

[[package]]
name = "jiff-static"
version = "0.2.35"
source = "registry+https://github.com/rust-lang/crates.io-index"
checksum = "3a69dcb3a21cfb32ce1cd056169337ca284af0766dd766e7878819b251a49204"
dependencies = [
 "jiff-core",
 "proc-macro2",
 "quote",
 "syn 2.0.119",
]

[[package]]
name = "jiff-tzdb"
version = "0.1.8"
source = "registry+https://github.com/rust-lang/crates.io-index"
checksum = "142bd39932ad231f10513df9ab62661fead8719872150b7ad02a2df79f4e141e"

[[package]]
name = "jiff-tzdb-platform"
version = "0.1.3"
source = "registry+https://github.com/rust-lang/crates.io-index"
checksum = "875a5a69ac2bab1a891711cf5eccbec1ce0341ea805560dcd90b7a2e925132e8"
dependencies = [
 "jiff-tzdb",
]

[[package]]
name = "kstring"
version = "2.0.4"
source = "registry+https://github.com/rust-lang/crates.io-index"
checksum = "b609e7ca5ea38f093c20a4a102335b247221c9643b7a6bc3510f196f99499a9e"
dependencies = [
 "static_assertions",
]

[[package]]
name = "libc"
version = "0.2.189"
source = "registry+https://github.com/rust-lang/crates.io-index"
checksum = "3eaf3ede3fee6db1a4c2ee091bf8a8b4dccdc6d17f656fb07896ee72867612f2"

[[package]]
name = "linux-raw-sys"
version = "0.4.15"
source = "registry+https://github.com/rust-lang/crates.io-index"
checksum = "d26c52dbd32dccf2d10cac7725f8eae5296885fb5703b261f7d0a0739ec807ab"

[[package]]
name = "linux-raw-sys"
version = "0.12.1"
source = "registry+https://github.com/rust-lang/crates.io-index"
checksum = "32a66949e030da00e8c7d4434b251670a91556f4144941d37452769c25d58a53"

[[package]]
name = "litemap"
version = "0.8.3"
source = "registry+https://github.com/rust-lang/crates.io-index"
checksum = "47d9d19d1d6efa0109d2f65ff4c85cddd50bd572e5a00127ab10987290bcefae"

[[package]]
name = "lock_api"
version = "0.4.14"
source = "registry+https://github.com/rust-lang/crates.io-index"
checksum = "224399e74b87b5f3557511d98dff8b14089b3dadafcab6bb93eab67d3aace965"
dependencies = [
 "scopeguard",
]

[[package]]
name = "log"
version = "0.4.34"
source = "registry+https://github.com/rust-lang/crates.io-index"
checksum = "f9f8bd3e56ce4dfc153cf470fffbfa98c7620958b312ca5c3a4b8d5181fd13c6"

[[package]]
name = "memchr"
version = "2.8.3"
source = "registry+https://github.com/rust-lang/crates.io-index"
checksum = "cf8baf1c55e62ffcace7a9f06f4bd9cd3f0c4beb022d3b367256b91b87513d98"

[[package]]
name = "memmap2"
version = "0.9.11"
source = "registry+https://github.com/rust-lang/crates.io-index"
checksum = "d1219ed1b7f229ee7104d281dd01d6802fe28bb6e95d292942c4daacdeb798c0"
dependencies = [
 "libc",
]

[[package]]
name = "miniz_oxide"
version = "0.9.1"
source = "registry+https://github.com/rust-lang/crates.io-index"
checksum = "b63fbc4a50860e98e7b2aa7804ded1db5cbc3aff9193adaff57a6931bf7c4b4c"
dependencies = [
 "adler2",
 "simd-adler32",
]

[[package]]
name = "once_cell"
version = "1.21.4"
source = "registry+https://github.com/rust-lang/crates.io-index"
checksum = "9f7c3e4beb33f85d45ae3e3a1792185706c8e16d043238c593331cc7cd313b50"

[[package]]
name = "parking_lot"
version = "0.12.5"
source = "registry+https://github.com/rust-lang/crates.io-index"
checksum = "93857453250e3077bd71ff98b6a65ea6621a19bb0f559a85248955ac12c45a1a"
dependencies = [
 "lock_api",
 "parking_lot_core",
]

[[package]]
name = "parking_lot_core"
version = "0.9.12"
source = "registry+https://github.com/rust-lang/crates.io-index"
checksum = "2621685985a2ebf1c516881c026032ac7deafcda1a2c9b7850dc81e3dfcb64c1"
dependencies = [
 "cfg-if",
 "libc",
 "redox_syscall",
 "smallvec",
 "windows-link",
]

[[package]]
name = "percent-encoding"
version = "2.3.2"
source = "registry+https://github.com/rust-lang/crates.io-index"
checksum = "9b4f627cb1b25917193a259e49bdad08f671f8d9708acfd5fe0a8c1455d87220"

[[package]]
name = "portable-atomic"
version = "1.15.0"
source = "registry+https://github.com/rust-lang/crates.io-index"
checksum = "05c8b63e8d9609db387f0324918f81d68fe27748f084ef092fb35954d0539a85"

[[package]]
name = "portable-atomic-util"
version = "0.2.7"
source = "registry+https://github.com/rust-lang/crates.io-index"
checksum = "c2a106d1259c23fac8e543272398ae0e3c0b8d33c88ed73d0cc71b0f1d902618"
dependencies = [
 "portable-atomic",
]

[[package]]
name = "potential_utf"
version = "0.1.6"
source = "registry+https://github.com/rust-lang/crates.io-index"
checksum = "d83eb9bc6d8e5cf568e7a1101d60ee05e81ed50ea106026f3d18deeb046d7661"
dependencies = [
 "zerovec",
]

[[package]]
name = "proc-macro2"
version = "1.0.107"
source = "registry+https://github.com/rust-lang/crates.io-index"
checksum = "985e7ec9bb745e6ce6535b544d84d6cd6f7ad8bd711c398938ae983b91a766d9"
dependencies = [
 "unicode-ident",
]

[[package]]
name = "prodash"
version = "28.0.0"
source = "registry+https://github.com/rust-lang/crates.io-index"
checksum = "744a264d26b88a6a7e37cbad97953fa233b94d585236310bcbc88474b4092d79"

[[package]]
name = "quote"
version = "1.0.47"
source = "registry+https://github.com/rust-lang/crates.io-index"
checksum = "1fbf4db142a473a8d80c26bbf18454ed458bf8d26c8219c331daecfdbd079001"
dependencies = [
 "proc-macro2",
]

[[package]]
name = "r-efi"
version = "6.0.0"
source = "registry+https://github.com/rust-lang/crates.io-index"
checksum = "f8dcc9c7d52a811697d2151c701e0d08956f92b0e24136cf4cf27b57a6a0d9bf"

[[package]]
name = "redox_syscall"
version = "0.5.18"
source = "registry+https://github.com/rust-lang/crates.io-index"
checksum = "ed2bf2547551a7053d6fdfafda3f938979645c44812fbfcda098faae3f1a362d"
dependencies = [
 "bitflags 2.13.1",
]

[[package]]
name = "regex-automata"
version = "0.4.18"
source = "registry+https://github.com/rust-lang/crates.io-index"
checksum = "ad8553b9b26413251cbf30e620595c7a41b3887f03da04579c0e6b0d6a06b4b2"

[[package]]
name = "rustix"
version = "0.38.44"
source = "registry+https://github.com/rust-lang/crates.io-index"
checksum = "fdb5bc1ae2baa591800df16c9ca78619bf65c0488b41b96ccec5d11220d8c154"
dependencies = [
 "bitflags 2.13.1",
 "errno",
 "libc",
 "linux-raw-sys 0.4.15",
 "windows-sys 0.59.0",
]

[[package]]
name = "rustix"
version = "1.1.4"
source = "registry+https://github.com/rust-lang/crates.io-index"
checksum = "b6fe4565b9518b83ef4f91bb47ce29620ca828bd32cb7e408f0062e9930ba190"
dependencies = [
 "bitflags 2.13.1",
 "errno",
 "libc",
 "linux-raw-sys 0.12.1",
 "windows-sys 0.61.2",
]

[[package]]
name = "rustversion"
version = "1.0.23"
source = "registry+https://github.com/rust-lang/crates.io-index"
checksum = "cf54715a573b99ac80df0bc206da022bcd442c974952c7b9720069370852e21f"

[[package]]
name = "same-file"
version = "1.0.6"
source = "registry+https://github.com/rust-lang/crates.io-index"
checksum = "93fc1dc3aaa9bfed95e02e6eadabb4baf7e3078b0bd1b4d7b6b0b68378900502"
dependencies = [
 "winapi-util",
]

[[package]]
name = "scopeguard"
version = "1.2.0"
source = "registry+https://github.com/rust-lang/crates.io-index"
checksum = "94143f37725109f92c262ed2cf5e59bce7498c01bcc1502d7b9afe439a4e9f49"

[[package]]
name = "serde"
version = "1.0.229"
source = "registry+https://github.com/rust-lang/crates.io-index"
checksum = "4148590afebada386688f18773da617792bf2ef03ffc1e4cbd2b1d45b023e0ba"
dependencies = [
 "serde_core",
 "serde_derive",
]

[[package]]
name = "serde_core"
version = "1.0.229"
source = "registry+https://github.com/rust-lang/crates.io-index"
checksum = "67dca2c9c51e58a4791a4b1ed58308b39c64224d349a935ab5039aa360942a48"
dependencies = [
 "serde_derive",
]

[[package]]
name = "serde_derive"
version = "1.0.229"
source = "registry+https://github.com/rust-lang/crates.io-index"
checksum = "e7a5d71263a5a7d47b41f6b3f06ba276f10cc18b0931f1799f710578e2309348"
dependencies = [
 "proc-macro2",
 "quote",
 "syn 3.0.4",
]

[[package]]
name = "serde_json"
version = "1.0.151"
source = "registry+https://github.com/rust-lang/crates.io-index"
checksum = "c841b55ecdae098c80dcae9cf767f6f8a0c2cdb3416bbef72181df4d0fe73f14"
dependencies = [
 "itoa",
 "memchr",
 "serde",
 "serde_core",
 "zmij",
]

[[package]]
name = "sha1_smol"
version = "1.0.1"
source = "registry+https://github.com/rust-lang/crates.io-index"
checksum = "bbfa15b3dddfee50a0fff136974b3e1bde555604ba463834a7eb7deb6417705d"

[[package]]
name = "shell-words"
version = "1.1.1"
source = "registry+https://github.com/rust-lang/crates.io-index"
checksum = "dc6fe69c597f9c37bfeeeeeb33da3530379845f10be461a66d16d03eca2ded77"

[[package]]
name = "simd-adler32"
version = "0.3.10"
source = "registry+https://github.com/rust-lang/crates.io-index"
checksum = "3a219298ac11a56ea9a6d2120044824d6f01aeb034955e7af7bc16858527deea"

[[package]]
name = "smallvec"
version = "1.15.2"
source = "registry+https://github.com/rust-lang/crates.io-index"
checksum = "8ed6a63f02c8539c91a8685a86f4099661ba3da017932f6ebbea6de3f0fa7c90"

[[package]]
name = "stable_deref_trait"
version = "1.2.1"
source = "registry+https://github.com/rust-lang/crates.io-index"
checksum = "6ce2be8dc25455e1f91df71bfa12ad37d7af1092ae736f3a6cd0e37bc7810596"

[[package]]
name = "static_assertions"
version = "1.1.0"
source = "registry+https://github.com/rust-lang/crates.io-index"
checksum = "a2eb9349b6444b326872e140eb1cf5e7c522154d69e7a0ffb0fb81c06b37543f"

[[package]]
name = "syn"
version = "2.0.119"
source = "registry+https://github.com/rust-lang/crates.io-index"
checksum = "872831b642d1a07999a962a351ed35b955ea2cfc8f3862091e2a240a84f17297"
dependencies = [
 "proc-macro2",
 "quote",
 "unicode-ident",
]

[[package]]
name = "syn"
version = "3.0.4"
source = "registry+https://github.com/rust-lang/crates.io-index"
checksum = "e6275cddf4610d1775e6d1fe9469b2e77d0f39fd98fb7450901b821e0c53649f"
dependencies = [
 "proc-macro2",
 "quote",
 "unicode-ident",
]

[[package]]
name = "synstructure"
version = "0.13.2"
source = "registry+https://github.com/rust-lang/crates.io-index"
checksum = "728a70f3dbaf5bab7f0c4b1ac8d7ae5ea60a4b5549c8a5914361c99147a709d2"
dependencies = [
 "proc-macro2",
 "quote",
 "syn 2.0.119",
]

[[package]]
name = "tempfile"
version = "3.27.0"
source = "registry+https://github.com/rust-lang/crates.io-index"
checksum = "32497e9a4c7b38532efcdebeef879707aa9f794296a4f0244f6f69e9bc8574bd"
dependencies = [
 "fastrand",
 "getrandom",
 "once_cell",
 "rustix 1.1.4",
 "windows-sys 0.61.2",
]

[[package]]
name = "thiserror"
version = "1.0.69"
source = "registry+https://github.com/rust-lang/crates.io-index"
checksum = "b6aaf5339b578ea85b50e080feb250a3e8ae8cfcdff9a461c9ec2904bc923f52"
dependencies = [
 "thiserror-impl 1.0.69",
]

[[package]]
name = "thiserror"
version = "2.0.20"
source = "registry+https://github.com/rust-lang/crates.io-index"
checksum = "ec86235f5fcc2a73650310756d2ac5b138a5780bbbdfae3eeccec992c435ba4f"
dependencies = [
 "thiserror-impl 2.0.20",
]

[[package]]
name = "thiserror-impl"
version = "1.0.69"
source = "registry+https://github.com/rust-lang/crates.io-index"
checksum = "4fee6c4efc90059e10f81e6d42c60a18f76588c3d74cb83a0b242a2b6c7504c1"
dependencies = [
 "proc-macro2",
 "quote",
 "syn 2.0.119",
]

[[package]]
name = "thiserror-impl"
version = "2.0.20"
source = "registry+https://github.com/rust-lang/crates.io-index"
checksum = "bc04cd3e1236dd4a98afca4569f2deb3f120e5422a4023be2cb683f8486292af"
dependencies = [
 "proc-macro2",
 "quote",
 "syn 3.0.4",
]

[[package]]
name = "tinystr"
version = "0.8.4"
source = "registry+https://github.com/rust-lang/crates.io-index"
checksum = "b1e27c91459209c2986af3dcf603a5a74a4368754ce37414f59acc971167f643"
dependencies = [
 "displaydoc",
 "zerovec",
]

[[package]]
name = "tinyvec"
version = "1.12.0"
source = "registry+https://github.com/rust-lang/crates.io-index"
checksum = "bb4ebadaa0af04fab11ae01eb5f9fdb5f9c5b875506e210e71c07873528baa7f"
dependencies = [
 "tinyvec_macros",
]

[[package]]
name = "tinyvec_macros"
version = "0.1.1"
source = "registry+https://github.com/rust-lang/crates.io-index"
checksum = "1f3ccbac311fea05f86f61904b462b55fb3df8837a366dfc601a0161d0532f20"

[[package]]
name = "unicode-bom"
version = "2.0.3"
source = "registry+https://github.com/rust-lang/crates.io-index"
checksum = "7eec5d1121208364f6793f7d2e222bf75a915c19557537745b195b253dd64217"

[[package]]
name = "unicode-ident"
version = "1.0.24"
source = "registry+https://github.com/rust-lang/crates.io-index"
checksum = "e6e4313cd5fcd3dad5cafa179702e2b244f760991f45397d14d4ebf38247da75"

[[package]]
name = "unicode-normalization"
version = "0.1.25"
source = "registry+https://github.com/rust-lang/crates.io-index"
checksum = "5fd4f6878c9cb28d874b009da9e8d183b5abc80117c40bbd187a1fde336be6e8"
dependencies = [
 "tinyvec",
]

[[package]]
name = "url"
version = "2.5.8"
source = "registry+https://github.com/rust-lang/crates.io-index"
checksum = "ff67a8a4397373c3ef660812acab3268222035010ab8680ec4215f38ba3d0eed"
dependencies = [
 "form_urlencoded",
 "idna",
 "percent-encoding",
 "serde",
]

[[package]]
name = "utf8_iter"
version = "1.0.4"
source = "registry+https://github.com/rust-lang/crates.io-index"
checksum = "b6c140620e7ffbb22c2dee59cafe6084a59b5ffc27a8859a5f0d494b5d52b6be"

[[package]]
name = "version_check"
version = "0.9.5"
source = "registry+https://github.com/rust-lang/crates.io-index"
checksum = "0b928f33d975fc6ad9f86c8f283853ad26bdd5b10b7f1542aa2fa15e2289105a"

[[package]]
name = "walkdir"
version = "2.5.0"
source = "registry+https://github.com/rust-lang/crates.io-index"
checksum = "29790946404f91d9c5d06f9874efddea1dc06c5efe94541a7d6863108e3a5e4b"
dependencies = [
 "same-file",
 "winapi-util",
]

[[package]]
name = "winapi-util"
version = "0.1.11"
source = "registry+https://github.com/rust-lang/crates.io-index"
checksum = "c2a7b1c03c876122aa43f3020e6c3c3ee5c05081c9a00739faf7503aeba10d22"
dependencies = [
 "windows-sys 0.61.2",
]

[[package]]
name = "windows-link"
version = "0.2.1"
source = "registry+https://github.com/rust-lang/crates.io-index"
checksum = "f0805222e57f7521d6a62e36fa9163bc891acd422f971defe97d64e70d0a4fe5"

[[package]]
name = "windows-sys"
version = "0.52.0"
source = "registry+https://github.com/rust-lang/crates.io-index"
checksum = "282be5f36a8ce781fad8c8ae18fa3f9beff57ec1b52cb3de0789201425d9a33d"
dependencies = [
 "windows-targets",
]

[[package]]
name = "windows-sys"
version = "0.59.0"
source = "registry+https://github.com/rust-lang/crates.io-index"
checksum = "1e38bc4d79ed67fd075bcc251a1c39b32a1776bbe92e5bef1f0bf1f8c531853b"
dependencies = [
 "windows-targets",
]

[[package]]
name = "windows-sys"
version = "0.61.2"
source = "registry+https://github.com/rust-lang/crates.io-index"
checksum = "ae137229bcbd6cdf0f7b80a31df61766145077ddf49416a728b02cb3921ff3fc"
dependencies = [
 "windows-link",
]

[[package]]
name = "windows-targets"
version = "0.52.6"
source = "registry+https://github.com/rust-lang/crates.io-index"
checksum = "9b724f72796e036ab90c1021d4780d4d3d648aca59e491e6b98e725b84e99973"
dependencies = [
 "windows_aarch64_gnullvm",
 "windows_aarch64_msvc",
 "windows_i686_gnu",
 "windows_i686_gnullvm",
 "windows_i686_msvc",
 "windows_x86_64_gnu",
 "windows_x86_64_gnullvm",
 "windows_x86_64_msvc",
]

[[package]]
name = "windows_aarch64_gnullvm"
version = "0.52.6"
source = "registry+https://github.com/rust-lang/crates.io-index"
checksum = "32a4622180e7a0ec044bb555404c800bc9fd9ec262ec147edd5989ccd0c02cd3"

[[package]]
name = "windows_aarch64_msvc"
version = "0.52.6"
source = "registry+https://github.com/rust-lang/crates.io-index"
checksum = "09ec2a7bb152e2252b53fa7803150007879548bc709c039df7627cabbd05d469"

[[package]]
name = "windows_i686_gnu"
version = "0.52.6"
source = "registry+https://github.com/rust-lang/crates.io-index"
checksum = "8e9b5ad5ab802e97eb8e295ac6720e509ee4c243f69d781394014ebfe8bbfa0b"

[[package]]
name = "windows_i686_gnullvm"
version = "0.52.6"
source = "registry+https://github.com/rust-lang/crates.io-index"
checksum = "0eee52d38c090b3caa76c563b86c3a4bd71ef1a819287c19d586d7334ae8ed66"

[[package]]
name = "windows_i686_msvc"
version = "0.52.6"
source = "registry+https://github.com/rust-lang/crates.io-index"
checksum = "240948bc05c5e7c6dabba28bf89d89ffce3e303022809e73deaefe4f6ec56c66"

[[package]]
name = "windows_x86_64_gnu"
version = "0.52.6"
source = "registry+https://github.com/rust-lang/crates.io-index"
checksum = "147a5c80aabfbf0c7d901cb5895d1de30ef2907eb21fbbab29ca94c5b08b1a78"

[[package]]
name = "windows_x86_64_gnullvm"
version = "0.52.6"
source = "registry+https://github.com/rust-lang/crates.io-index"
checksum = "24d5b23dc417412679681396f2b49f3de8c1473deb516bd34410872eff51ed0d"

[[package]]
name = "windows_x86_64_msvc"
version = "0.52.6"
source = "registry+https://github.com/rust-lang/crates.io-index"
checksum = "589f6da84c646204747d1270a2a5661ea66ed1cced2631d546fdfb155959f9ec"

[[package]]
name = "winnow"
version = "0.6.26"
source = "registry+https://github.com/rust-lang/crates.io-index"
checksum = "1e90edd2ac1aa278a5c4599b1d89cf03074b610800f866d4026dc199d7929a28"
dependencies = [
 "memchr",
]

[[package]]
name = "writeable"
version = "0.6.4"
source = "registry+https://github.com/rust-lang/crates.io-index"
checksum = "3ad82d2a33cdc9674dc7465672f271e096168fcdbe0f799d9e6db8c5892679dc"

[[package]]
name = "yoke"
version = "0.8.3"
source = "registry+https://github.com/rust-lang/crates.io-index"
checksum = "709fe23a0424b6a435d82152b1bd3fdfb0833487d5fa90d05d42762a9891fef5"
dependencies = [
 "stable_deref_trait",
 "yoke-derive",
 "zerofrom",
]

[[package]]
name = "yoke-derive"
version = "0.8.2"
source = "registry+https://github.com/rust-lang/crates.io-index"
checksum = "de844c262c8848816172cef550288e7dc6c7b7814b4ee56b3e1553f275f1858e"
dependencies = [
 "proc-macro2",
 "quote",
 "syn 2.0.119",
 "synstructure",
]

[[package]]
name = "zecor-gitengine"
version = "0.1.0"
dependencies = [
 "anyhow",
 "gix",
 "serde",
 "serde_json",
 "tempfile",
]

[[package]]
name = "zerocopy"
version = "0.8.56"
source = "registry+https://github.com/rust-lang/crates.io-index"
checksum = "556764e583adb45a9f8d413c2a147fa7e8d821e48e12b14fd560b607998b75eb"
dependencies = [
 "zerocopy-derive",
]

[[package]]
name = "zerocopy-derive"
version = "0.8.56"
source = "registry+https://github.com/rust-lang/crates.io-index"
checksum = "f2ab42fc20575779bd240faa45f94a74256f755c0fa9e89f0ede20d91d0cdfc1"
dependencies = [
 "proc-macro2",
 "quote",
 "syn 2.0.119",
]

[[package]]
name = "zerofrom"
version = "0.1.8"
source = "registry+https://github.com/rust-lang/crates.io-index"
checksum = "0ec05a11813ea801ff6d75110ad09cd0824ddba17dfe17128ea0d5f68e6c5272"
dependencies = [
 "zerofrom-derive",
]

[[package]]
name = "zerofrom-derive"
version = "0.1.7"
source = "registry+https://github.com/rust-lang/crates.io-index"
checksum = "11532158c46691caf0f2593ea8358fed6bbf68a0315e80aae9bd41fbade684a1"
dependencies = [
 "proc-macro2",
 "quote",
 "syn 2.0.119",
 "synstructure",
]

[[package]]
name = "zerotrie"
version = "0.2.5"
source = "registry+https://github.com/rust-lang/crates.io-index"
checksum = "4ea269c3bd32f0a32c321907a2ae912ba6f4649bb0fc764a15627e99a7095a3f"
dependencies = [
 "displaydoc",
 "yoke",
 "zerofrom",
]

[[package]]
name = "zerovec"
version = "0.11.8"
source = "registry+https://github.com/rust-lang/crates.io-index"
checksum = "bb0464e17806c1d976d5cba29399c7f08e516e279e2ba493f63123b5fca67dd8"
dependencies = [
 "yoke",
 "zerofrom",
 "zerovec-derive",
]

[[package]]
name = "zerovec-derive"
version = "0.11.6"
source = "registry+https://github.com/rust-lang/crates.io-index"
checksum = "34df6fc39dbd26ddc9c10e6a2984476e13acce22e64e4487636ef494369225da"
dependencies = [
 "proc-macro2",
 "quote",
 "syn 3.0.4",
]

[[package]]
name = "zmij"
version = "1.0.23"
source = "registry+https://github.com/rust-lang/crates.io-index"
checksum = "29666d0abbfad1e3dc4dcf6144730dd3a3ab225bbbdac83319345b1b44ccfc1b"
